
Microsoft Visual Studio Solution File, Format Version 12.00
# Visual Studio Version 16
VisualStudioVersion = 16.0.31205.134
MinimumVisualStudioVersion = 10.0.40219.1
Project("{FAE04EC0-301F-11D3-BF4B-00C04F79EFBC}") = "WebSiteP1", "WebSiteP1\WebSiteP1.csproj", "{C634804B-027B-4C63-90EC-158A0BB07FBD}"
EndProject
Global
	GlobalSection(SolutionConfigurationPlatforms) = preSolution
		Debug|Any CPU = Debug|Any CPU
		Release|Any CPU = Release|Any CPU
	EndGlobalSection
	GlobalSection(ProjectConfigurationPlatforms) = postSolution
		{C634804B-027B-4C63-90EC-158A0BB07FBD}.Debug|Any CPU.ActiveCfg = Debug|Any CPU
		{C634804B-027B-4C63-90EC-158A0BB07FBD}.Debug|Any CPU.Build.0 = Debug|Any CPU
		{C634804B-027B-4C63-90EC-158A0BB07FBD}.Release|Any CPU.ActiveCfg = Release|Any CPU
		{C634804B-027B-4C63-90EC-158A0BB07FBD}.Release|Any CPU.Build.0 = Release|Any CPU
	EndGlobalSection
	GlobalSection(SolutionProperties) = preSolution
		HideSolutionNode = FALSE
	EndGlobalSection
	GlobalSection(ExtensibilityGlobals) = postSolution
		SolutionGuid = {058FE25B-90A6-48FC-9FCC-24CF6D225E7F}
	EndGlobalSection
EndGlobal
